
Microsoft Visual Studio Solution File, Format Version 12.00
# 
Project("{FAE04EC0-301F-11D3-BF4B-00C04F79EFBC}") = "StockFlow.API", "StockFlow.API\StockFlow.API.csproj", "{57B414AC-C997-4E17-9895-6F63312FABEF}"
EndProject
Global
	GlobalSection(SolutionConfigurationPlatforms) = preSolution
		Debug|Any CPU = Debug|Any CPU
		Release|Any CPU = Release|Any CPU
	EndGlobalSection
	GlobalSection(ProjectConfigurationPlatforms) = postSolution
		{57B414AC-C997-4E17-9895-6F63312FABEF}.Debug|Any CPU.ActiveCfg = Debug|Any CPU
		{57B414AC-C997-4E17-9895-6F63312FABEF}.Debug|Any CPU.Build.0 = Debug|Any CPU
		{57B414AC-C997-4E17-9895-6F63312FABEF}.Release|Any CPU.ActiveCfg = Release|Any CPU
		{57B414AC-C997-4E17-9895-6F63312FABEF}.Release|Any CPU.Build.0 = Release|Any CPU
	EndGlobalSection
EndGlobal
