
Microsoft Visual Studio Solution File, Format Version 12.00
Project("{FAE04EC0-301F-11D3-BF4B-00C04F79EFBC}") = "StockFlow.API", "StockFlow.API\StockFlow.API.csproj", "{57B414AC-C997-4E17-9895-6F63312FABEF}"
EndProject
Project("{FAE04EC0-301F-11D3-BF4B-00C04F79EFBC}") = "StockFlow.API.Tests", "StockFlow.API.Tests\StockFlow.API.Tests.csproj", "{C949AE4B-8A52-4FF6-969F-DD75B24DB121}"
EndProject
Global
	GlobalSection(SolutionConfigurationPlatforms) = preSolution
		Debug|Any CPU = Debug|Any CPU
		Debug|x64 = Debug|x64
		Debug|x86 = Debug|x86
		Release|Any CPU = Release|Any CPU
		Release|x64 = Release|x64
		Release|x86 = Release|x86
	EndGlobalSection
	GlobalSection(ProjectConfigurationPlatforms) = postSolution
		{57B414AC-C997-4E17-9895-6F63312FABEF}.Debug|Any CPU.ActiveCfg = Debug|Any CPU
		{57B414AC-C997-4E17-9895-6F63312FABEF}.Debug|Any CPU.Build.0 = Debug|Any CPU
		{57B414AC-C997-4E17-9895-6F63312FABEF}.Debug|x64.ActiveCfg = Debug|Any CPU
		{57B414AC-C997-4E17-9895-6F63312FABEF}.Debug|x64.Build.0 = Debug|Any CPU
		{57B414AC-C997-4E17-9895-6F63312FABEF}.Debug|x86.ActiveCfg = Debug|Any CPU
		{57B414AC-C997-4E17-9895-6F63312FABEF}.Debug|x86.Build.0 = Debug|Any CPU
		{57B414AC-C997-4E17-9895-6F63312FABEF}.Release|Any CPU.ActiveCfg = Release|Any CPU
		{57B414AC-C997-4E17-9895-6F63312FABEF}.Release|Any CPU.Build.0 = Release|Any CPU
		{57B414AC-C997-4E17-9895-6F63312FABEF}.Release|x64.ActiveCfg = Release|Any CPU
		{57B414AC-C997-4E17-9895-6F63312FABEF}.Release|x64.Build.0 = Release|Any CPU
		{57B414AC-C997-4E17-9895-6F63312FABEF}.Release|x86.ActiveCfg = Release|Any CPU
		{57B414AC-C997-4E17-9895-6F63312FABEF}.Release|x86.Build.0 = Release|Any CPU
		{C949AE4B-8A52-4FF6-969F-DD75B24DB121}.Debug|Any CPU.ActiveCfg = Debug|Any CPU
		{C949AE4B-8A52-4FF6-969F-DD75B24DB121}.Debug|Any CPU.Build.0 = Debug|Any CPU
		{C949AE4B-8A52-4FF6-969F-DD75B24DB121}.Debug|x64.ActiveCfg = Debug|Any CPU
		{C949AE4B-8A52-4FF6-969F-DD75B24DB121}.Debug|x64.Build.0 = Debug|Any CPU
		{C949AE4B-8A52-4FF6-969F-DD75B24DB121}.Debug|x86.ActiveCfg = Debug|Any CPU
		{C949AE4B-8A52-4FF6-969F-DD75B24DB121}.Debug|x86.Build.0 = Debug|Any CPU
		{C949AE4B-8A52-4FF6-969F-DD75B24DB121}.Release|Any CPU.ActiveCfg = Release|Any CPU
		{C949AE4B-8A52-4FF6-969F-DD75B24DB121}.Release|Any CPU.Build.0 = Release|Any CPU
		{C949AE4B-8A52-4FF6-969F-DD75B24DB121}.Release|x64.ActiveCfg = Release|Any CPU
		{C949AE4B-8A52-4FF6-969F-DD75B24DB121}.Release|x64.Build.0 = Release|Any CPU
		{C949AE4B-8A52-4FF6-969F-DD75B24DB121}.Release|x86.ActiveCfg = Release|Any CPU
		{C949AE4B-8A52-4FF6-969F-DD75B24DB121}.Release|x86.Build.0 = Release|Any CPU
	EndGlobalSection
	GlobalSection(SolutionProperties) = preSolution
		HideSolutionNode = FALSE
	EndGlobalSection
EndGlobal
